// !$*UTF8*$!
{
	archiveVersion = 1;
	classes = {
	};
	objectVersion = 46;
	objects = {

/* Begin PBXBuildFile section */
		0BEDEFD52D1E670D1CD1AF2E /* EngineVk.cpp in Sources */ = {isa = PBXBuildFile; fileRef = DE0C85E997EA5EB733576EDA /* EngineVk.cpp */; };
		1040A326F7C9696C621857AD /* easing_terms_of_use.html in Sources */ = {isa = PBXBuildFile; fileRef = 720F75E782F7CF1D3D8FA2C8 /* easing_terms_of_use.html */; };
		2BAE035E952A60CCFBD2FCEE /* BaseTheme.cpp in Sources */ = {isa = PBXBuildFile; fileRef = BA4887A674C7E54BC0D2E4F5 /* BaseTheme.cpp */; };
		397A632C84F2D9BAC17DCA5F /* imgui_demo.cpp in Sources */ = {isa = PBXBuildFile; fileRef = 864FDA7CBA0B5ADB93A7A64C /* imgui_demo.cpp */; };
		3A5C94C1A10659492965785C /* BaseEngine.cpp in Sources */ = {isa = PBXBuildFile; fileRef = 7F7EBAC2723D0A0E734353E9 /* BaseEngine.cpp */; };
		407466F21BAC30A2C747955A /* Helpers.cpp in Sources */ = {isa = PBXBuildFile; fileRef = F78BA117B6D476329A16B2EA /* Helpers.cpp */; };
		68CFA056EBFB7E19D9F86763 /* VisualManager.cpp in Sources */ = {isa = PBXBuildFile; fileRef = CD13A52FD81E480DFA32FDE9 /* VisualManager.cpp */; };
		6A50FCEF214161570032886F /* Timer.cpp in Sources */ = {isa = PBXBuildFile; fileRef = 6A50FCED214161560032886F /* Timer.cpp */; };
		6A50FCF4214172040032886F /* Config.cpp in Sources */ = {isa = PBXBuildFile; fileRef = 6A50FCF3214172040032886F /* Config.cpp */; };
		6A50FCF82142928F0032886F /* KenKenPaManager.cpp in Sources */ = {isa = PBXBuildFile; fileRef = 6A50FCF62142928F0032886F /* KenKenPaManager.cpp */; };
		8E729DF13F4590206F588770 /* EngineOpenGLES.cpp in Sources */ = {isa = PBXBuildFile; fileRef = 7EBECDC4955DB2D157B24852 /* EngineOpenGLES.cpp */; };
		94A8481CAA738AFFE7C155F1 /* Gui.cpp in Sources */ = {isa = PBXBuildFile; fileRef = 3523924D83563D185D075F8A /* Gui.cpp */; };
		B55E6051C592BD8F78881EB2 /* imgui.cpp in Sources */ = {isa = PBXBuildFile; fileRef = 53F87F2318A1CB7011FC3235 /* imgui.cpp */; };
		BB88D93F8C516CE8EEE25627 /* jsoncpp.cpp in Sources */ = {isa = PBXBuildFile; fileRef = A279821330EF86F29A9807DD /* jsoncpp.cpp */; };
		BE8DC34241C1B9F7617DF2EF /* imgui_draw.cpp in Sources */ = {isa = PBXBuildFile; fileRef = 1038E5190A2B40EAEA06A6DC /* imgui_draw.cpp */; };
		C845D857510D84F66B59AB67 /* LEDProcessor.cpp in Sources */ = {isa = PBXBuildFile; fileRef = 0DC1C713CDCCA3C7DE582B5C /* LEDProcessor.cpp */; };
		CD5C501454C8C3B6D50611F5 /* EngineGLFW.cpp in Sources */ = {isa = PBXBuildFile; fileRef = BFE07E6DC98347501A36E189 /* EngineGLFW.cpp */; };
		D0F9EFF7AA4192FD125E906F /* ofxJSONElement.cpp in Sources */ = {isa = PBXBuildFile; fileRef = 2E2E013B6A0883C4FD2FFCCF /* ofxJSONElement.cpp */; };
		DBAB3DBA949ACFD41A6939FC /* ofxImGuiLoggerChannel.cpp in Sources */ = {isa = PBXBuildFile; fileRef = 7CD3187223A94E9CD6295DE6 /* ofxImGuiLoggerChannel.cpp */; };
		E4328149138ABC9F0047C5CB /* openFrameworksDebug.a in Frameworks */ = {isa = PBXBuildFile; fileRef = E4328148138ABC890047C5CB /* openFrameworksDebug.a */; };
		E4B69E200A3A1BDC003C02F2 /* main.cpp in Sources */ = {isa = PBXBuildFile; fileRef = E4B69E1D0A3A1BDC003C02F2 /* main.cpp */; };
		E4B69E210A3A1BDC003C02F2 /* ofApp.cpp in Sources */ = {isa = PBXBuildFile; fileRef = E4B69E1E0A3A1BDC003C02F2 /* ofApp.cpp */; };
		F5E999528FCAE9D6A35EDC9D /* ofxAutoReloadedShader.cpp in Sources */ = {isa = PBXBuildFile; fileRef = 7C4BC837B3FB023D82B5168F /* ofxAutoReloadedShader.cpp */; };
/* End PBXBuildFile section */

/* Begin PBXContainerItemProxy section */
		E4328147138ABC890047C5CB /* PBXContainerItemProxy */ = {
			isa = PBXContainerItemProxy;
			containerPortal = E4328143138ABC890047C5CB /* openFrameworksLib.xcodeproj */;
			proxyType = 2;
			remoteGlobalIDString = E4B27C1510CBEB8E00536013;
			remoteInfo = openFrameworks;
		};
		E4EEB9AB138B136A00A80321 /* PBXContainerItemProxy */ = {
			isa = PBXContainerItemProxy;
			containerPortal = E4328143138ABC890047C5CB /* openFrameworksLib.xcodeproj */;
			proxyType = 1;
			remoteGlobalIDString = E4B27C1410CBEB8E00536013;
			remoteInfo = openFrameworks;
		};
/* End PBXContainerItemProxy section */

/* Begin PBXCopyFilesBuildPhase section */
		E4C2427710CC5ABF004149E2 /* CopyFiles */ = {
			isa = PBXCopyFilesBuildPhase;
			buildActionMask = 2147483647;
			dstPath = "";
			dstSubfolderSpec = 10;
			files = (
			);
			runOnlyForDeploymentPostprocessing = 0;
		};
/* End PBXCopyFilesBuildPhase section */

/* Begin PBXFileReference section */
		00EECAAF00A1ED94639BEBF4 /* EngineVk.h */ = {isa = PBXFileReference; explicitFileType = sourcecode.c.h; fileEncoding = 4; name = EngineVk.h; path = ../../../of_v0.10.0_osx_release/addons/ofxImGui/src/EngineVk.h; sourceTree = SOURCE_ROOT; };
		0680049DB8D61872FF53157A /* ThemeTest.h */ = {isa = PBXFileReference; explicitFileType = sourcecode.c.h; fileEncoding = 4; name = ThemeTest.h; path = ../../../of_v0.10.0_osx_release/addons/ofxImGui/src/ThemeTest.h; sourceTree = SOURCE_ROOT; };
		0DC1C713CDCCA3C7DE582B5C /* LEDProcessor.cpp */ = {isa = PBXFileReference; explicitFileType = sourcecode.cpp.cpp; fileEncoding = 4; name = LEDProcessor.cpp; path = src/LEDProcessor.cpp; sourceTree = SOURCE_ROOT; };
		1038E5190A2B40EAEA06A6DC /* imgui_draw.cpp */ = {isa = PBXFileReference; explicitFileType = sourcecode.cpp.cpp; fileEncoding = 4; name = imgui_draw.cpp; path = ../../../of_v0.10.0_osx_release/addons/ofxImGui/libs/imgui/src/imgui_draw.cpp; sourceTree = SOURCE_ROOT; };
		187F4D5A80A21A438D3A0CF8 /* LEDProcessor.h */ = {isa = PBXFileReference; explicitFileType = sourcecode.c.h; fileEncoding = 4; name = LEDProcessor.h; path = src/LEDProcessor.h; sourceTree = SOURCE_ROOT; };
		1F1E4CEEF9FEF2873B03ADC3 /* Helpers.h */ = {isa = PBXFileReference; explicitFileType = sourcecode.c.h; fileEncoding = 4; name = Helpers.h; path = ../../../of_v0.10.0_osx_release/addons/ofxImGui/src/Helpers.h; sourceTree = SOURCE_ROOT; };
		2AE7B99D04206A1C6D47B0F4 /* EngineGLFW.h */ = {isa = PBXFileReference; explicitFileType = sourcecode.c.h; fileEncoding = 4; name = EngineGLFW.h; path = ../../../of_v0.10.0_osx_release/addons/ofxImGui/src/EngineGLFW.h; sourceTree = SOURCE_ROOT; };
		2BDFEB9D017B7DFB8EF69B7B /* ofxImGui.h */ = {isa = PBXFileReference; explicitFileType = sourcecode.c.h; fileEncoding = 4; name = ofxImGui.h; path = ../../../of_v0.10.0_osx_release/addons/ofxImGui/src/ofxImGui.h; sourceTree = SOURCE_ROOT; };
		2E2E013B6A0883C4FD2FFCCF /* ofxJSONElement.cpp */ = {isa = PBXFileReference; explicitFileType = sourcecode.cpp.cpp; fileEncoding = 4; name = ofxJSONElement.cpp; path = ../../../of_v0.10.0_osx_release/addons/ofxJSON/src/ofxJSONElement.cpp; sourceTree = SOURCE_ROOT; };
		3178F1F73695D3AB42489459 /* ofxJSONElement.h */ = {isa = PBXFileReference; explicitFileType = sourcecode.c.h; fileEncoding = 4; name = ofxJSONElement.h; path = ../../../of_v0.10.0_osx_release/addons/ofxJSON/src/ofxJSONElement.h; sourceTree = SOURCE_ROOT; };
		3523924D83563D185D075F8A /* Gui.cpp */ = {isa = PBXFileReference; explicitFileType = sourcecode.cpp.cpp; fileEncoding = 4; name = Gui.cpp; path = ../../../of_v0.10.0_osx_release/addons/ofxImGui/src/Gui.cpp; sourceTree = SOURCE_ROOT; };
		42C0029E3DF5DD4D9CF86FFE /* VisualManager.h */ = {isa = PBXFileReference; explicitFileType = sourcecode.c.h; fileEncoding = 4; name = VisualManager.h; path = src/VisualManager.h; sourceTree = SOURCE_ROOT; };
		4703EDDE38B0349136C217C3 /* ofxEasing.h */ = {isa = PBXFileReference; explicitFileType = sourcecode.c.h; fileEncoding = 4; name = ofxEasing.h; path = ../../../of_v0.10.0_osx_release/addons/ofxEasing/src/ofxEasing.h; sourceTree = SOURCE_ROOT; };
		53F87F2318A1CB7011FC3235 /* imgui.cpp */ = {isa = PBXFileReference; explicitFileType = sourcecode.cpp.cpp; fileEncoding = 4; name = imgui.cpp; path = ../../../of_v0.10.0_osx_release/addons/ofxImGui/libs/imgui/src/imgui.cpp; sourceTree = SOURCE_ROOT; };
		5CEBDE0E5135F6926482DB47 /* Gui.h */ = {isa = PBXFileReference; explicitFileType = sourcecode.c.h; fileEncoding = 4; name = Gui.h; path = ../../../of_v0.10.0_osx_release/addons/ofxImGui/src/Gui.h; sourceTree = SOURCE_ROOT; };
		5FD6ECEE1FAC72874744540E /* imgui.h */ = {isa = PBXFileReference; explicitFileType = sourcecode.c.h; fileEncoding = 4; name = imgui.h; path = ../../../of_v0.10.0_osx_release/addons/ofxImGui/libs/imgui/src/imgui.h; sourceTree = SOURCE_ROOT; };
		6744F4491322B9D864D8537D /* BaseTheme.h */ = {isa = PBXFileReference; explicitFileType = sourcecode.c.h; fileEncoding = 4; name = BaseTheme.h; path = ../../../of_v0.10.0_osx_release/addons/ofxImGui/src/BaseTheme.h; sourceTree = SOURCE_ROOT; };
		6A50FCEB214160330032886F /* StateManager.h */ = {isa = PBXFileReference; lastKnownFileType = sourcecode.c.h; path = StateManager.h; sourceTree = "<group>"; };
		6A50FCEC2141609F0032886F /* pcmain.h */ = {isa = PBXFileReference; lastKnownFileType = sourcecode.c.h; path = pcmain.h; sourceTree = "<group>"; };
		6A50FCED214161560032886F /* Timer.cpp */ = {isa = PBXFileReference; fileEncoding = 4; lastKnownFileType = sourcecode.cpp.cpp; path = Timer.cpp; sourceTree = "<group>"; };
		6A50FCEE214161560032886F /* Timer.h */ = {isa = PBXFileReference; fileEncoding = 4; lastKnownFileType = sourcecode.c.h; path = Timer.h; sourceTree = "<group>"; };
		6A50FCF1214162820032886F /* Tween.h */ = {isa = PBXFileReference; lastKnownFileType = sourcecode.c.h; path = Tween.h; sourceTree = "<group>"; };
		6A50FCF2214172040032886F /* Config.h */ = {isa = PBXFileReference; fileEncoding = 4; lastKnownFileType = sourcecode.c.h; path = Config.h; sourceTree = "<group>"; };
		6A50FCF3214172040032886F /* Config.cpp */ = {isa = PBXFileReference; fileEncoding = 4; lastKnownFileType = sourcecode.cpp.cpp; path = Config.cpp; sourceTree = "<group>"; };
		6A50FCF52142785A0032886F /* Stopwatch.h */ = {isa = PBXFileReference; lastKnownFileType = sourcecode.c.h; path = Stopwatch.h; sourceTree = "<group>"; };
		6A50FCF62142928F0032886F /* KenKenPaManager.cpp */ = {isa = PBXFileReference; lastKnownFileType = sourcecode.cpp.cpp; path = KenKenPaManager.cpp; sourceTree = "<group>"; };
		6A50FCF72142928F0032886F /* KenKenPaManager.h */ = {isa = PBXFileReference; lastKnownFileType = sourcecode.c.h; path = KenKenPaManager.h; sourceTree = "<group>"; };
		6A50FCF92142C1AD0032886F /* ofxCenteredTrueTypeFont.h */ = {isa = PBXFileReference; lastKnownFileType = sourcecode.c.h; path = ofxCenteredTrueTypeFont.h; sourceTree = "<group>"; };
		6ACF633B21467DEA007F8801 /* ofVideoPlayer_ext.h */ = {isa = PBXFileReference; lastKnownFileType = sourcecode.c.h; path = ofVideoPlayer_ext.h; sourceTree = "<group>"; };
		6ACF633D2147EF37007F8801 /* DebugEffects.h */ = {isa = PBXFileReference; lastKnownFileType = sourcecode.c.h; path = DebugEffects.h; sourceTree = "<group>"; };
		720F75E782F7CF1D3D8FA2C8 /* easing_terms_of_use.html */ = {isa = PBXFileReference; explicitFileType = file; fileEncoding = 4; name = easing_terms_of_use.html; path = ../../../of_v0.10.0_osx_release/addons/ofxEasing/src/easing_terms_of_use.html; sourceTree = SOURCE_ROOT; };
		737773FE8143611BD60D8AB3 /* ofxAutoReloadedShader.h */ = {isa = PBXFileReference; explicitFileType = sourcecode.c.h; fileEncoding = 4; name = ofxAutoReloadedShader.h; path = ../../../of_v0.10.0_osx_release/addons/ofxAutoReloadedShader/src/ofxAutoReloadedShader.h; sourceTree = SOURCE_ROOT; };
		7C4BC837B3FB023D82B5168F /* ofxAutoReloadedShader.cpp */ = {isa = PBXFileReference; explicitFileType = sourcecode.cpp.cpp; fileEncoding = 4; name = ofxAutoReloadedShader.cpp; path = ../../../of_v0.10.0_osx_release/addons/ofxAutoReloadedShader/src/ofxAutoReloadedShader.cpp; sourceTree = SOURCE_ROOT; };
		7CD3187223A94E9CD6295DE6 /* ofxImGuiLoggerChannel.cpp */ = {isa = PBXFileReference; explicitFileType = sourcecode.cpp.cpp; fileEncoding = 4; name = ofxImGuiLoggerChannel.cpp; path = ../../../of_v0.10.0_osx_release/addons/ofxImGui/src/ofxImGuiLoggerChannel.cpp; sourceTree = SOURCE_ROOT; };
		7EBECDC4955DB2D157B24852 /* EngineOpenGLES.cpp */ = {isa = PBXFileReference; explicitFileType = sourcecode.cpp.cpp; fileEncoding = 4; name = EngineOpenGLES.cpp; path = ../../../of_v0.10.0_osx_release/addons/ofxImGui/src/EngineOpenGLES.cpp; sourceTree = SOURCE_ROOT; };
		7F7EBAC2723D0A0E734353E9 /* BaseEngine.cpp */ = {isa = PBXFileReference; explicitFileType = sourcecode.cpp.cpp; fileEncoding = 4; name = BaseEngine.cpp; path = ../../../of_v0.10.0_osx_release/addons/ofxImGui/src/BaseEngine.cpp; sourceTree = SOURCE_ROOT; };
		864FDA7CBA0B5ADB93A7A64C /* imgui_demo.cpp */ = {isa = PBXFileReference; explicitFileType = sourcecode.cpp.cpp; fileEncoding = 4; name = imgui_demo.cpp; path = ../../../of_v0.10.0_osx_release/addons/ofxImGui/libs/imgui/src/imgui_demo.cpp; sourceTree = SOURCE_ROOT; };
		898FB2870F094C9AD6D6564C /* imgui_internal.h */ = {isa = PBXFileReference; explicitFileType = sourcecode.c.h; fileEncoding = 4; name = imgui_internal.h; path = ../../../of_v0.10.0_osx_release/addons/ofxImGui/libs/imgui/src/imgui_internal.h; sourceTree = SOURCE_ROOT; };
		94DB11D5628759CD909B4644 /* ofxJSON.h */ = {isa = PBXFileReference; explicitFileType = sourcecode.c.h; fileEncoding = 4; name = ofxJSON.h; path = ../../../of_v0.10.0_osx_release/addons/ofxJSON/src/ofxJSON.h; sourceTree = SOURCE_ROOT; };
		A09070400CF1C871DBF03FBE /* BaseEngine.h */ = {isa = PBXFileReference; explicitFileType = sourcecode.c.h; fileEncoding = 4; name = BaseEngine.h; path = ../../../of_v0.10.0_osx_release/addons/ofxImGui/src/BaseEngine.h; sourceTree = SOURCE_ROOT; };
		A279821330EF86F29A9807DD /* jsoncpp.cpp */ = {isa = PBXFileReference; explicitFileType = sourcecode.cpp.cpp; fileEncoding = 4; name = jsoncpp.cpp; path = ../../../of_v0.10.0_osx_release/addons/ofxJSON/libs/jsoncpp/src/jsoncpp.cpp; sourceTree = SOURCE_ROOT; };
		B089D1C920BC95A44BB20179 /* stb_rect_pack.h */ = {isa = PBXFileReference; explicitFileType = sourcecode.c.h; fileEncoding = 4; name = stb_rect_pack.h; path = ../../../of_v0.10.0_osx_release/addons/ofxImGui/libs/imgui/src/stb_rect_pack.h; sourceTree = SOURCE_ROOT; };
		B26C6011F4760A8B2E8479F9 /* stb_truetype.h */ = {isa = PBXFileReference; explicitFileType = sourcecode.c.h; fileEncoding = 4; name = stb_truetype.h; path = ../../../of_v0.10.0_osx_release/addons/ofxImGui/libs/imgui/src/stb_truetype.h; sourceTree = SOURCE_ROOT; };
		B58F49324940901889DAC0D0 /* json.h */ = {isa = PBXFileReference; explicitFileType = sourcecode.c.h; fileEncoding = 4; name = json.h; path = ../../../of_v0.10.0_osx_release/addons/ofxJSON/libs/jsoncpp/include/json/json.h; sourceTree = SOURCE_ROOT; };
		BA4887A674C7E54BC0D2E4F5 /* BaseTheme.cpp */ = {isa = PBXFileReference; explicitFileType = sourcecode.cpp.cpp; fileEncoding = 4; name = BaseTheme.cpp; path = ../../../of_v0.10.0_osx_release/addons/ofxImGui/src/BaseTheme.cpp; sourceTree = SOURCE_ROOT; };
		BD9A083E46970BA1F0883457 /* json-forwards.h */ = {isa = PBXFileReference; explicitFileType = sourcecode.c.h; fileEncoding = 4; name = "json-forwards.h"; path = "../../../of_v0.10.0_osx_release/addons/ofxJSON/libs/jsoncpp/include/json/json-forwards.h"; sourceTree = SOURCE_ROOT; };
		BFE07E6DC98347501A36E189 /* EngineGLFW.cpp */ = {isa = PBXFileReference; explicitFileType = sourcecode.cpp.cpp; fileEncoding = 4; name = EngineGLFW.cpp; path = ../../../of_v0.10.0_osx_release/addons/ofxImGui/src/EngineGLFW.cpp; sourceTree = SOURCE_ROOT; };
		CD13A52FD81E480DFA32FDE9 /* VisualManager.cpp */ = {isa = PBXFileReference; explicitFileType = sourcecode.cpp.cpp; fileEncoding = 4; name = VisualManager.cpp; path = src/VisualManager.cpp; sourceTree = SOURCE_ROOT; };
		D6B87799E09B0181CEDB50C5 /* imconfig.h */ = {isa = PBXFileReference; explicitFileType = sourcecode.c.h; fileEncoding = 4; name = imconfig.h; path = ../../../of_v0.10.0_osx_release/addons/ofxImGui/src/imconfig.h; sourceTree = SOURCE_ROOT; };
		DE0C85E997EA5EB733576EDA /* EngineVk.cpp */ = {isa = PBXFileReference; explicitFileType = sourcecode.cpp.cpp; fileEncoding = 4; name = EngineVk.cpp; path = ../../../of_v0.10.0_osx_release/addons/ofxImGui/src/EngineVk.cpp; sourceTree = SOURCE_ROOT; };
		DE730480FBD5DFC80F97C07E /* stb_textedit.h */ = {isa = PBXFileReference; explicitFileType = sourcecode.c.h; fileEncoding = 4; name = stb_textedit.h; path = ../../../of_v0.10.0_osx_release/addons/ofxImGui/libs/imgui/src/stb_textedit.h; sourceTree = SOURCE_ROOT; };
		E0F573F768AFED02F3F7B6A6 /* EngineOpenGLES.h */ = {isa = PBXFileReference; explicitFileType = sourcecode.c.h; fileEncoding = 4; name = EngineOpenGLES.h; path = ../../../of_v0.10.0_osx_release/addons/ofxImGui/src/EngineOpenGLES.h; sourceTree = SOURCE_ROOT; };
		E4328143138ABC890047C5CB /* openFrameworksLib.xcodeproj */ = {isa = PBXFileReference; lastKnownFileType = "wrapper.pb-project"; name = openFrameworksLib.xcodeproj; path = ../../../of_v0.10.0_osx_release/libs/openFrameworksCompiled/project/osx/openFrameworksLib.xcodeproj; sourceTree = SOURCE_ROOT; };
		E4B69B5B0A3A1756003C02F2 /* PCprototypeDebug.app */ = {isa = PBXFileReference; explicitFileType = wrapper.application; includeInIndex = 0; path = PCprototypeDebug.app; sourceTree = BUILT_PRODUCTS_DIR; };
		E4B69E1D0A3A1BDC003C02F2 /* main.cpp */ = {isa = PBXFileReference; fileEncoding = 4; lastKnownFileType = sourcecode.cpp.cpp; name = main.cpp; path = src/main.cpp; sourceTree = SOURCE_ROOT; };
		E4B69E1E0A3A1BDC003C02F2 /* ofApp.cpp */ = {isa = PBXFileReference; explicitFileType = sourcecode.cpp.cpp; fileEncoding = 4; name = ofApp.cpp; path = src/ofApp.cpp; sourceTree = SOURCE_ROOT; };
		E4B69E1F0A3A1BDC003C02F2 /* ofApp.h */ = {isa = PBXFileReference; fileEncoding = 4; lastKnownFileType = sourcecode.c.h; name = ofApp.h; path = src/ofApp.h; sourceTree = SOURCE_ROOT; };
		E4B6FCAD0C3E899E008CF71C /* openFrameworks-Info.plist */ = {isa = PBXFileReference; fileEncoding = 4; lastKnownFileType = text.plist.xml; path = "openFrameworks-Info.plist"; sourceTree = "<group>"; };
		E4EB691F138AFCF100A09F29 /* CoreOF.xcconfig */ = {isa = PBXFileReference; fileEncoding = 4; lastKnownFileType = text.xcconfig; name = CoreOF.xcconfig; path = ../../../of_v0.10.0_osx_release/libs/openFrameworksCompiled/project/osx/CoreOF.xcconfig; sourceTree = SOURCE_ROOT; };
		E4EB6923138AFD0F00A09F29 /* Project.xcconfig */ = {isa = PBXFileReference; fileEncoding = 4; lastKnownFileType = text.xcconfig; path = Project.xcconfig; sourceTree = "<group>"; };
		E9A33402D6913A949F673BF1 /* ofxImGuiLoggerChannel.h */ = {isa = PBXFileReference; explicitFileType = sourcecode.c.h; fileEncoding = 4; name = ofxImGuiLoggerChannel.h; path = ../../../of_v0.10.0_osx_release/addons/ofxImGui/src/ofxImGuiLoggerChannel.h; sourceTree = SOURCE_ROOT; };
		F78BA117B6D476329A16B2EA /* Helpers.cpp */ = {isa = PBXFileReference; explicitFileType = sourcecode.cpp.cpp; fileEncoding = 4; name = Helpers.cpp; path = ../../../of_v0.10.0_osx_release/addons/ofxImGui/src/Helpers.cpp; sourceTree = SOURCE_ROOT; };
/* End PBXFileReference section */

/* Begin PBXFrameworksBuildPhase section */
		E4B69B590A3A1756003C02F2 /* Frameworks */ = {
			isa = PBXFrameworksBuildPhase;
			buildActionMask = 2147483647;
			files = (
				E4328149138ABC9F0047C5CB /* openFrameworksDebug.a in Frameworks */,
			);
			runOnlyForDeploymentPostprocessing = 0;
		};
/* End PBXFrameworksBuildPhase section */

/* Begin PBXGroup section */
		0D0595A62FF5ED8D37029107 /* ofxEasing */ = {
			isa = PBXGroup;
			children = (
				E78F8991E56DEF594815BB53 /* src */,
			);
			name = ofxEasing;
			sourceTree = "<group>";
		};
		2865DAEF86B1907A704CA70B /* ofxJSON */ = {
			isa = PBXGroup;
			children = (
				292AF6148769654D0DF26018 /* src */,
				F40E80CB2D443CBA9581DD03 /* libs */,
			);
			name = ofxJSON;
			sourceTree = "<group>";
		};
		292AF6148769654D0DF26018 /* src */ = {
			isa = PBXGroup;
			children = (
				2E2E013B6A0883C4FD2FFCCF /* ofxJSONElement.cpp */,
				94DB11D5628759CD909B4644 /* ofxJSON.h */,
				3178F1F73695D3AB42489459 /* ofxJSONElement.h */,
			);
			name = src;
			sourceTree = "<group>";
		};
		348096EAEFAC358FDD5E584A /* src */ = {
			isa = PBXGroup;
			children = (
				7C4BC837B3FB023D82B5168F /* ofxAutoReloadedShader.cpp */,
				737773FE8143611BD60D8AB3 /* ofxAutoReloadedShader.h */,
			);
			name = src;
			sourceTree = "<group>";
		};
		38A85F4B8B6D987F0B0390B2 /* ofxAutoReloadedShader */ = {
			isa = PBXGroup;
			children = (
				348096EAEFAC358FDD5E584A /* src */,
			);
			name = ofxAutoReloadedShader;
			sourceTree = "<group>";
		};
		58AD3BD71B781D9BC25763C8 /* json */ = {
			isa = PBXGroup;
			children = (
				BD9A083E46970BA1F0883457 /* json-forwards.h */,
				B58F49324940901889DAC0D0 /* json.h */,
			);
			name = json;
			sourceTree = "<group>";
		};
		6948EE371B920CB800B5AC1A /* local_addons */ = {
			isa = PBXGroup;
			children = (
			);
			name = local_addons;
			sourceTree = "<group>";
		};
		6A50FCF02141615F0032886F /* Utilities */ = {
			isa = PBXGroup;
			children = (
				6A50FCF92142C1AD0032886F /* ofxCenteredTrueTypeFont.h */,
				6A50FCF3214172040032886F /* Config.cpp */,
				6A50FCF2214172040032886F /* Config.h */,
				6A50FCF1214162820032886F /* Tween.h */,
				6A50FCEC2141609F0032886F /* pcmain.h */,
				6A50FCED214161560032886F /* Timer.cpp */,
				6A50FCF52142785A0032886F /* Stopwatch.h */,
				6A50FCEE214161560032886F /* Timer.h */,
				6ACF633B21467DEA007F8801 /* ofVideoPlayer_ext.h */,
				6ACF633D2147EF37007F8801 /* DebugEffects.h */,
			);
			path = Utilities;
			sourceTree = "<group>";
		};
		6FF8AA08E79CFA38503CDB0E /* src */ = {
			isa = PBXGroup;
			children = (
				F78BA117B6D476329A16B2EA /* Helpers.cpp */,
				00EECAAF00A1ED94639BEBF4 /* EngineVk.h */,
				BA4887A674C7E54BC0D2E4F5 /* BaseTheme.cpp */,
				D6B87799E09B0181CEDB50C5 /* imconfig.h */,
				7F7EBAC2723D0A0E734353E9 /* BaseEngine.cpp */,
				2AE7B99D04206A1C6D47B0F4 /* EngineGLFW.h */,
				6744F4491322B9D864D8537D /* BaseTheme.h */,
				2BDFEB9D017B7DFB8EF69B7B /* ofxImGui.h */,
				A09070400CF1C871DBF03FBE /* BaseEngine.h */,
				5CEBDE0E5135F6926482DB47 /* Gui.h */,
				E0F573F768AFED02F3F7B6A6 /* EngineOpenGLES.h */,
				3523924D83563D185D075F8A /* Gui.cpp */,
				DE0C85E997EA5EB733576EDA /* EngineVk.cpp */,
				7EBECDC4955DB2D157B24852 /* EngineOpenGLES.cpp */,
				BFE07E6DC98347501A36E189 /* EngineGLFW.cpp */,
				0680049DB8D61872FF53157A /* ThemeTest.h */,
				1F1E4CEEF9FEF2873B03ADC3 /* Helpers.h */,
				E9A33402D6913A949F673BF1 /* ofxImGuiLoggerChannel.h */,
				7CD3187223A94E9CD6295DE6 /* ofxImGuiLoggerChannel.cpp */,
			);
			name = src;
			sourceTree = "<group>";
		};
		768C3255AF2F3E1A78DC4DF4 /* ofxImGui */ = {
			isa = PBXGroup;
			children = (
				6FF8AA08E79CFA38503CDB0E /* src */,
				C618591A26FF62625326E2DD /* libs */,
			);
			name = ofxImGui;
			sourceTree = "<group>";
		};
		807146441E0D13714E9F4654 /* src */ = {
			isa = PBXGroup;
			children = (
				5FD6ECEE1FAC72874744540E /* imgui.h */,
				B089D1C920BC95A44BB20179 /* stb_rect_pack.h */,
				B26C6011F4760A8B2E8479F9 /* stb_truetype.h */,
				53F87F2318A1CB7011FC3235 /* imgui.cpp */,
				898FB2870F094C9AD6D6564C /* imgui_internal.h */,
				DE730480FBD5DFC80F97C07E /* stb_textedit.h */,
				864FDA7CBA0B5ADB93A7A64C /* imgui_demo.cpp */,
				1038E5190A2B40EAEA06A6DC /* imgui_draw.cpp */,
			);
			name = src;
			sourceTree = "<group>";
		};
		8D2869234BA7562D78D731FF /* imgui */ = {
			isa = PBXGroup;
			children = (
				807146441E0D13714E9F4654 /* src */,
			);
			name = imgui;
			sourceTree = "<group>";
		};
		977A836DD2C489CCC5E330FF /* jsoncpp */ = {
			isa = PBXGroup;
			children = (
				D486FC87F063317BB47E9FAC /* include */,
				CCDC6F9CCF925CC402160B85 /* src */,
			);
			name = jsoncpp;
			sourceTree = "<group>";
		};
		BB4B014C10F69532006C3DED /* addons */ = {
			isa = PBXGroup;
			children = (
				38A85F4B8B6D987F0B0390B2 /* ofxAutoReloadedShader */,
				0D0595A62FF5ED8D37029107 /* ofxEasing */,
				768C3255AF2F3E1A78DC4DF4 /* ofxImGui */,
				2865DAEF86B1907A704CA70B /* ofxJSON */,
			);
			name = addons;
			sourceTree = "<group>";
		};
		C618591A26FF62625326E2DD /* libs */ = {
			isa = PBXGroup;
			children = (
				8D2869234BA7562D78D731FF /* imgui */,
			);
			name = libs;
			sourceTree = "<group>";
		};
		CCDC6F9CCF925CC402160B85 /* src */ = {
			isa = PBXGroup;
			children = (
				A279821330EF86F29A9807DD /* jsoncpp.cpp */,
			);
			name = src;
			sourceTree = "<group>";
		};
		D486FC87F063317BB47E9FAC /* include */ = {
			isa = PBXGroup;
			children = (
				58AD3BD71B781D9BC25763C8 /* json */,
			);
			name = include;
			sourceTree = "<group>";
		};
		E4328144138ABC890047C5CB /* Products */ = {
			isa = PBXGroup;
			children = (
				E4328148138ABC890047C5CB /* openFrameworksDebug.a */,
			);
			name = Products;
			sourceTree = "<group>";
		};
		E4B69B4A0A3A1720003C02F2 = {
			isa = PBXGroup;
			children = (
				E4B6FCAD0C3E899E008CF71C /* openFrameworks-Info.plist */,
				E4EB6923138AFD0F00A09F29 /* Project.xcconfig */,
				E4B69E1C0A3A1BDC003C02F2 /* src */,
				E4EEC9E9138DF44700A80321 /* openFrameworks */,
				BB4B014C10F69532006C3DED /* addons */,
				6948EE371B920CB800B5AC1A /* local_addons */,
				E4B69B5B0A3A1756003C02F2 /* PCprototypeDebug.app */,
			);
			sourceTree = "<group>";
		};
		E4B69E1C0A3A1BDC003C02F2 /* src */ = {
			isa = PBXGroup;
			children = (
				E4B69E1D0A3A1BDC003C02F2 /* main.cpp */,
				E4B69E1E0A3A1BDC003C02F2 /* ofApp.cpp */,
				E4B69E1F0A3A1BDC003C02F2 /* ofApp.h */,
				6A50FCF62142928F0032886F /* KenKenPaManager.cpp */,
				CD13A52FD81E480DFA32FDE9 /* VisualManager.cpp */,
				0DC1C713CDCCA3C7DE582B5C /* LEDProcessor.cpp */,
				187F4D5A80A21A438D3A0CF8 /* LEDProcessor.h */,
				42C0029E3DF5DD4D9CF86FFE /* VisualManager.h */,
				6A50FCF72142928F0032886F /* KenKenPaManager.h */,
				6A50FCEB214160330032886F /* StateManager.h */,
				6A50FCF02141615F0032886F /* Utilities */,
			);
			path = src;
			sourceTree = SOURCE_ROOT;
		};
		E4EEC9E9138DF44700A80321 /* openFrameworks */ = {
			isa = PBXGroup;
			children = (
				E4EB691F138AFCF100A09F29 /* CoreOF.xcconfig */,
				E4328143138ABC890047C5CB /* openFrameworksLib.xcodeproj */,
			);
			name = openFrameworks;
			sourceTree = "<group>";
		};
		E78F8991E56DEF594815BB53 /* src */ = {
			isa = PBXGroup;
			children = (
				720F75E782F7CF1D3D8FA2C8 /* easing_terms_of_use.html */,
				4703EDDE38B0349136C217C3 /* ofxEasing.h */,
			);
			name = src;
			sourceTree = "<group>";
		};
		F40E80CB2D443CBA9581DD03 /* libs */ = {
			isa = PBXGroup;
			children = (
				977A836DD2C489CCC5E330FF /* jsoncpp */,
			);
			name = libs;
			sourceTree = "<group>";
		};
/* End PBXGroup section */

/* Begin PBXNativeTarget section */
		E4B69B5A0A3A1756003C02F2 /* PCprototype */ = {
			isa = PBXNativeTarget;
			buildConfigurationList = E4B69B5F0A3A1757003C02F2 /* Build configuration list for PBXNativeTarget "PCprototype" */;
			buildPhases = (
				E4B69B580A3A1756003C02F2 /* Sources */,
				E4B69B590A3A1756003C02F2 /* Frameworks */,
				E4B6FFFD0C3F9AB9008CF71C /* ShellScript */,
				E4C2427710CC5ABF004149E2 /* CopyFiles */,
				8466F1851C04CA0E00918B1C /* ShellScript */,
			);
			buildRules = (
			);
			dependencies = (
				E4EEB9AC138B136A00A80321 /* PBXTargetDependency */,
			);
			name = PCprototype;
			productName = myOFApp;
			productReference = E4B69B5B0A3A1756003C02F2 /* PCprototypeDebug.app */;
			productType = "com.apple.product-type.application";
		};
/* End PBXNativeTarget section */

/* Begin PBXProject section */
		E4B69B4C0A3A1720003C02F2 /* Project object */ = {
			isa = PBXProject;
			attributes = {
				LastUpgradeCheck = 0600;
			};
			buildConfigurationList = E4B69B4D0A3A1720003C02F2 /* Build configuration list for PBXProject "PCprototype" */;
			compatibilityVersion = "Xcode 3.2";
			developmentRegion = English;
			hasScannedForEncodings = 0;
			knownRegions = (
				English,
				Japanese,
				French,
				German,
			);
			mainGroup = E4B69B4A0A3A1720003C02F2;
			productRefGroup = E4B69B4A0A3A1720003C02F2;
			projectDirPath = "";
			projectReferences = (
				{
					ProductGroup = E4328144138ABC890047C5CB /* Products */;
					ProjectRef = E4328143138ABC890047C5CB /* openFrameworksLib.xcodeproj */;
				},
			);
			projectRoot = "";
			targets = (
				E4B69B5A0A3A1756003C02F2 /* PCprototype */,
			);
		};
/* End PBXProject section */

/* Begin PBXReferenceProxy section */
		E4328148138ABC890047C5CB /* openFrameworksDebug.a */ = {
			isa = PBXReferenceProxy;
			fileType = archive.ar;
			path = openFrameworksDebug.a;
			remoteRef = E4328147138ABC890047C5CB /* PBXContainerItemProxy */;
			sourceTree = BUILT_PRODUCTS_DIR;
		};
/* End PBXReferenceProxy section */

/* Begin PBXShellScriptBuildPhase section */
		8466F1851C04CA0E00918B1C /* ShellScript */ = {
			isa = PBXShellScriptBuildPhase;
			buildActionMask = 12;
			files = (
			);
			inputPaths = (
			);
			outputPaths = (
			);
			runOnlyForDeploymentPostprocessing = 0;
			shellPath = /bin/sh;
			shellScript = "echo \"$GCC_PREPROCESSOR_DEFINITIONS\";\nAPPSTORE=`expr \"$GCC_PREPROCESSOR_DEFINITIONS\" : \".*APPSTORE=\\([0-9]*\\)\"`\nif [ -z \"$APPSTORE\" ] ; then\necho \"Note: Not copying bin/data to App Package or doing App Code signing. Use AppStore target for AppStore distribution\";\nelse\n# Copy bin/data into App/Resources\nrsync -avz --exclude='.DS_Store' \"${SRCROOT}/bin/data/\" \"${TARGET_BUILD_DIR}/${UNLOCALIZED_RESOURCES_FOLDER_PATH}/data/\"\n\n# ---- Code Sign App Package ----\n\n# WARNING: You may have to run Clean in Xcode after changing CODE_SIGN_IDENTITY!\n\n# Verify that $CODE_SIGN_IDENTITY is set\nif [ -z \"${CODE_SIGN_IDENTITY}\" ] ; then\necho \"CODE_SIGN_IDENTITY needs to be set for framework code-signing\"\nexit 0\nfi\n\nif [ -z \"${CODE_SIGN_ENTITLEMENTS}\" ] ; then\necho \"CODE_SIGN_ENTITLEMENTS needs to be set for framework code-signing!\"\n\nif [ \"${CONFIGURATION}\" = \"Release\" ] ; then\nexit 1\nelse\n# Code-signing is optional for non-release builds.\nexit 0\nfi\nfi\n\nITEMS=\"\"\n\nFRAMEWORKS_DIR=\"${TARGET_BUILD_DIR}/${FRAMEWORKS_FOLDER_PATH}\"\necho \"$FRAMEWORKS_DIR\"\nif [ -d \"$FRAMEWORKS_DIR\" ] ; then\nFRAMEWORKS=$(find \"${FRAMEWORKS_DIR}\" -depth -type d -name \"*.framework\" -or -name \"*.dylib\" -or -name \"*.bundle\" | sed -e \"s/\\(.*framework\\)/\\1\\/Versions\\/A\\//\")\nRESULT=$?\nif [[ $RESULT != 0 ]] ; then\nexit 1\nfi\n\nITEMS=\"${FRAMEWORKS}\"\nfi\n\nLOGINITEMS_DIR=\"${TARGET_BUILD_DIR}/${CONTENTS_FOLDER_PATH}/Library/LoginItems/\"\nif [ -d \"$LOGINITEMS_DIR\" ] ; then\nLOGINITEMS=$(find \"${LOGINITEMS_DIR}\" -depth -type d -name \"*.app\")\nRESULT=$?\nif [[ $RESULT != 0 ]] ; then\nexit 1\nfi\n\nITEMS=\"${ITEMS}\"$'\\n'\"${LOGINITEMS}\"\nfi\n\n# Prefer the expanded name, if available.\nCODE_SIGN_IDENTITY_FOR_ITEMS=\"${EXPANDED_CODE_SIGN_IDENTITY_NAME}\"\nif [ \"${CODE_SIGN_IDENTITY_FOR_ITEMS}\" = \"\" ] ; then\n# Fall back to old behavior.\nCODE_SIGN_IDENTITY_FOR_ITEMS=\"${CODE_SIGN_IDENTITY}\"\nfi\n\necho \"Identity:\"\necho \"${CODE_SIGN_IDENTITY_FOR_ITEMS}\"\n\necho \"Entitlements:\"\necho \"${CODE_SIGN_ENTITLEMENTS}\"\n\necho \"Found:\"\necho \"${ITEMS}\"\n\n# Change the Internal Field Separator (IFS) so that spaces in paths will not cause problems below.\nSAVED_IFS=$IFS\nIFS=$(echo -en \"\\n\\b\")\n\n# Loop through all items.\nfor ITEM in $ITEMS;\ndo\necho \"Signing '${ITEM}'\"\ncodesign --force --verbose --sign \"${CODE_SIGN_IDENTITY_FOR_ITEMS}\" --entitlements \"${CODE_SIGN_ENTITLEMENTS}\" \"${ITEM}\"\nRESULT=$?\nif [[ $RESULT != 0 ]] ; then\necho \"Failed to sign '${ITEM}'.\"\nIFS=$SAVED_IFS\nexit 1\nfi\ndone\n\n# Restore $IFS.\nIFS=$SAVED_IFS\n\nfi\n";
		};
		E4B6FFFD0C3F9AB9008CF71C /* ShellScript */ = {
			isa = PBXShellScriptBuildPhase;
			buildActionMask = 2147483647;
			files = (
			);
			inputPaths = (
			);
			outputPaths = (
			);
			runOnlyForDeploymentPostprocessing = 0;
			shellPath = /bin/sh;
			shellScript = "mkdir -p \"$TARGET_BUILD_DIR/$PRODUCT_NAME.app/Contents/Resources/\"\n# Copy default icon file into App/Resources\nrsync -aved \"$ICON_FILE\" \"$TARGET_BUILD_DIR/$PRODUCT_NAME.app/Contents/Resources/\"\n# Copy libfmod and change install directory for fmod to run\nrsync -aved \"$OF_PATH/libs/fmodex/lib/osx/libfmodex.dylib\" \"$TARGET_BUILD_DIR/$PRODUCT_NAME.app/Contents/Frameworks/\";\ninstall_name_tool -change @executable_path/libfmodex.dylib @executable_path/../Frameworks/libfmodex.dylib \"$TARGET_BUILD_DIR/$PRODUCT_NAME.app/Contents/MacOS/$PRODUCT_NAME\";\n\necho \"$GCC_PREPROCESSOR_DEFINITIONS\";\n\n# Copy the Resources to the App directory\ncp -r bin/data \"$TARGET_BUILD_DIR/$PRODUCT_NAME.app/Contents/Resources\";\n";
		};
/* End PBXShellScriptBuildPhase section */

/* Begin PBXSourcesBuildPhase section */
		E4B69B580A3A1756003C02F2 /* Sources */ = {
			isa = PBXSourcesBuildPhase;
			buildActionMask = 2147483647;
			files = (
				E4B69E200A3A1BDC003C02F2 /* main.cpp in Sources */,
				6A50FCF82142928F0032886F /* KenKenPaManager.cpp in Sources */,
				E4B69E210A3A1BDC003C02F2 /* ofApp.cpp in Sources */,
				68CFA056EBFB7E19D9F86763 /* VisualManager.cpp in Sources */,
				C845D857510D84F66B59AB67 /* LEDProcessor.cpp in Sources */,
				F5E999528FCAE9D6A35EDC9D /* ofxAutoReloadedShader.cpp in Sources */,
				1040A326F7C9696C621857AD /* easing_terms_of_use.html in Sources */,
				407466F21BAC30A2C747955A /* Helpers.cpp in Sources */,
				2BAE035E952A60CCFBD2FCEE /* BaseTheme.cpp in Sources */,
				3A5C94C1A10659492965785C /* BaseEngine.cpp in Sources */,
				94A8481CAA738AFFE7C155F1 /* Gui.cpp in Sources */,
				0BEDEFD52D1E670D1CD1AF2E /* EngineVk.cpp in Sources */,
				8E729DF13F4590206F588770 /* EngineOpenGLES.cpp in Sources */,
				6A50FCEF214161570032886F /* Timer.cpp in Sources */,
				CD5C501454C8C3B6D50611F5 /* EngineGLFW.cpp in Sources */,
				DBAB3DBA949ACFD41A6939FC /* ofxImGuiLoggerChannel.cpp in Sources */,
				B55E6051C592BD8F78881EB2 /* imgui.cpp in Sources */,
				397A632C84F2D9BAC17DCA5F /* imgui_demo.cpp in Sources */,
				BE8DC34241C1B9F7617DF2EF /* imgui_draw.cpp in Sources */,
				D0F9EFF7AA4192FD125E906F /* ofxJSONElement.cpp in Sources */,
				6A50FCF4214172040032886F /* Config.cpp in Sources */,
				BB88D93F8C516CE8EEE25627 /* jsoncpp.cpp in Sources */,
			);
			runOnlyForDeploymentPostprocessing = 0;
		};
/* End PBXSourcesBuildPhase section */

/* Begin PBXTargetDependency section */
		E4EEB9AC138B136A00A80321 /* PBXTargetDependency */ = {
			isa = PBXTargetDependency;
			name = openFrameworks;
			targetProxy = E4EEB9AB138B136A00A80321 /* PBXContainerItemProxy */;
		};
/* End PBXTargetDependency section */

/* Begin XCBuildConfiguration section */
		99FA3DBB1C7456C400CFA0EE /* AppStore */ = {
			isa = XCBuildConfiguration;
			baseConfigurationReference = E4EB6923138AFD0F00A09F29 /* Project.xcconfig */;
			buildSettings = {
				CONFIGURATION_BUILD_DIR = "$(SRCROOT)/bin/";
				COPY_PHASE_STRIP = YES;
				DEAD_CODE_STRIPPING = YES;
				GCC_AUTO_VECTORIZATION = YES;
				GCC_ENABLE_SSE3_EXTENSIONS = YES;
				GCC_ENABLE_SUPPLEMENTAL_SSE3_INSTRUCTIONS = YES;
				GCC_INLINES_ARE_PRIVATE_EXTERN = NO;
				GCC_OPTIMIZATION_LEVEL = 3;
				"GCC_PREPROCESSOR_DEFINITIONS[arch=*]" = "DISTRIBUTION=1";
				GCC_SYMBOLS_PRIVATE_EXTERN = NO;
				GCC_UNROLL_LOOPS = YES;
				GCC_WARN_ABOUT_DEPRECATED_FUNCTIONS = YES;
				GCC_WARN_ABOUT_INVALID_OFFSETOF_MACRO = NO;
				GCC_WARN_ALLOW_INCOMPLETE_PROTOCOL = NO;
				GCC_WARN_UNINITIALIZED_AUTOS = NO;
				GCC_WARN_UNUSED_VALUE = NO;
				GCC_WARN_UNUSED_VARIABLE = NO;
				HEADER_SEARCH_PATHS = (
					"$(OF_CORE_HEADERS)",
					src,
					../../../of_v0.10.0_osx_release/addons/ofxAutoReloadedShader/src,
					../../../of_v0.10.0_osx_release/addons/ofxEasing/src,
					../../../of_v0.10.0_osx_release/addons/ofxImGui/libs,
					../../../of_v0.10.0_osx_release/addons/ofxImGui/libs/imgui,
					../../../of_v0.10.0_osx_release/addons/ofxImGui/libs/imgui/src,
					../../../of_v0.10.0_osx_release/addons/ofxImGui/src,
					../../../of_v0.10.0_osx_release/addons/ofxJSON/libs,
					../../../of_v0.10.0_osx_release/addons/ofxJSON/libs/jsoncpp,
					../../../of_v0.10.0_osx_release/addons/ofxJSON/libs/jsoncpp/include,
					../../../of_v0.10.0_osx_release/addons/ofxJSON/libs/jsoncpp/include/json,
					../../../of_v0.10.0_osx_release/addons/ofxJSON/libs/jsoncpp/src,
					../../../of_v0.10.0_osx_release/addons/ofxJSON/src,
					../../../of_v0.10.0_osx_release/addons/ofxThreadedImageLoader/src,
				);
				MACOSX_DEPLOYMENT_TARGET = 10.9;
				OTHER_CPLUSPLUSFLAGS = (
					"-D__MACOSX_CORE__",
					"-mtune=native",
				);
				SDKROOT = macosx;
			};
			name = AppStore;
		};
		99FA3DBC1C7456C400CFA0EE /* AppStore */ = {
			isa = XCBuildConfiguration;
			baseConfigurationReference = E4EB6923138AFD0F00A09F29 /* Project.xcconfig */;
			buildSettings = {
				COMBINE_HIDPI_IMAGES = YES;
				COPY_PHASE_STRIP = YES;
				FRAMEWORK_SEARCH_PATHS = "$(inherited)";
				GCC_GENERATE_DEBUGGING_SYMBOLS = YES;
				GCC_MODEL_TUNING = NONE;
				"GCC_PREPROCESSOR_DEFINITIONS[arch=*]" = "APPSTORE=1";
				HEADER_SEARCH_PATHS = (
					"$(OF_CORE_HEADERS)",
					src,
					../../../of_v0.10.0_osx_release/addons/ofxAutoReloadedShader/src,
					../../../of_v0.10.0_osx_release/addons/ofxEasing/src,
					../../../of_v0.10.0_osx_release/addons/ofxImGui/libs,
					../../../of_v0.10.0_osx_release/addons/ofxImGui/libs/imgui,
					../../../of_v0.10.0_osx_release/addons/ofxImGui/libs/imgui/src,
					../../../of_v0.10.0_osx_release/addons/ofxImGui/src,
					../../../of_v0.10.0_osx_release/addons/ofxJSON/libs,
					../../../of_v0.10.0_osx_release/addons/ofxJSON/libs/jsoncpp,
					../../../of_v0.10.0_osx_release/addons/ofxJSON/libs/jsoncpp/include,
					../../../of_v0.10.0_osx_release/addons/ofxJSON/libs/jsoncpp/include/json,
					../../../of_v0.10.0_osx_release/addons/ofxJSON/libs/jsoncpp/src,
					../../../of_v0.10.0_osx_release/addons/ofxJSON/src,
					../../../of_v0.10.0_osx_release/addons/ofxThreadedImageLoader/src,
				);
				ICON = "$(ICON_NAME_RELEASE)";
				ICON_FILE = "$(ICON_FILE_PATH)$(ICON)";
				INFOPLIST_FILE = "openFrameworks-Info.plist";
				INSTALL_PATH = /Applications;
				LIBRARY_SEARCH_PATHS = "$(inherited)";
				PRODUCT_NAME = "$(TARGET_NAME)";
				WRAPPER_EXTENSION = app;
				baseConfigurationReference = E4EB6923138AFD0F00A09F29;
			};
			name = AppStore;
		};
		E4B69B4E0A3A1720003C02F2 /* Debug */ = {
			isa = XCBuildConfiguration;
			baseConfigurationReference = E4EB6923138AFD0F00A09F29 /* Project.xcconfig */;
			buildSettings = {
				CONFIGURATION_BUILD_DIR = "$(SRCROOT)/bin/";
				COPY_PHASE_STRIP = NO;
				DEAD_CODE_STRIPPING = YES;
				GCC_AUTO_VECTORIZATION = YES;
				GCC_ENABLE_SSE3_EXTENSIONS = YES;
				GCC_ENABLE_SUPPLEMENTAL_SSE3_INSTRUCTIONS = YES;
				GCC_INLINES_ARE_PRIVATE_EXTERN = NO;
				GCC_OPTIMIZATION_LEVEL = 0;
				GCC_SYMBOLS_PRIVATE_EXTERN = NO;
				GCC_WARN_ABOUT_DEPRECATED_FUNCTIONS = YES;
				GCC_WARN_ABOUT_INVALID_OFFSETOF_MACRO = NO;
				GCC_WARN_ALLOW_INCOMPLETE_PROTOCOL = NO;
				GCC_WARN_UNINITIALIZED_AUTOS = NO;
				GCC_WARN_UNUSED_VALUE = NO;
				GCC_WARN_UNUSED_VARIABLE = NO;
				HEADER_SEARCH_PATHS = (
					"$(OF_CORE_HEADERS)",
					src,
					../../../of_v0.10.0_osx_release/addons/ofxAutoReloadedShader/src,
					../../../of_v0.10.0_osx_release/addons/ofxEasing/src,
					../../../of_v0.10.0_osx_release/addons/ofxImGui/libs,
					../../../of_v0.10.0_osx_release/addons/ofxImGui/libs/imgui,
					../../../of_v0.10.0_osx_release/addons/ofxImGui/libs/imgui/src,
					../../../of_v0.10.0_osx_release/addons/ofxImGui/src,
					../../../of_v0.10.0_osx_release/addons/ofxJSON/libs,
					../../../of_v0.10.0_osx_release/addons/ofxJSON/libs/jsoncpp,
					../../../of_v0.10.0_osx_release/addons/ofxJSON/libs/jsoncpp/include,
					../../../of_v0.10.0_osx_release/addons/ofxJSON/libs/jsoncpp/include/json,
					../../../of_v0.10.0_osx_release/addons/ofxJSON/libs/jsoncpp/src,
					../../../of_v0.10.0_osx_release/addons/ofxJSON/src,
					../../../of_v0.10.0_osx_release/addons/ofxThreadedImageLoader/src,
				);
				MACOSX_DEPLOYMENT_TARGET = 10.9;
				ONLY_ACTIVE_ARCH = YES;
				OTHER_CPLUSPLUSFLAGS = (
					"-D__MACOSX_CORE__",
					"-mtune=native",
				);
				SDKROOT = macosx;
			};
			name = Debug;
		};
		E4B69B4F0A3A1720003C02F2 /* Release */ = {
			isa = XCBuildConfiguration;
			baseConfigurationReference = E4EB6923138AFD0F00A09F29 /* Project.xcconfig */;
			buildSettings = {
				CONFIGURATION_BUILD_DIR = "$(SRCROOT)/bin/";
				COPY_PHASE_STRIP = YES;
				DEAD_CODE_STRIPPING = YES;
				GCC_AUTO_VECTORIZATION = YES;
				GCC_ENABLE_SSE3_EXTENSIONS = YES;
				GCC_ENABLE_SUPPLEMENTAL_SSE3_INSTRUCTIONS = YES;
				GCC_INLINES_ARE_PRIVATE_EXTERN = NO;
				GCC_OPTIMIZATION_LEVEL = 3;
				GCC_SYMBOLS_PRIVATE_EXTERN = NO;
				GCC_UNROLL_LOOPS = YES;
				GCC_WARN_ABOUT_DEPRECATED_FUNCTIONS = YES;
				GCC_WARN_ABOUT_INVALID_OFFSETOF_MACRO = NO;
				GCC_WARN_ALLOW_INCOMPLETE_PROTOCOL = NO;
				GCC_WARN_UNINITIALIZED_AUTOS = NO;
				GCC_WARN_UNUSED_VALUE = NO;
				GCC_WARN_UNUSED_VARIABLE = NO;
				HEADER_SEARCH_PATHS = (
					"$(OF_CORE_HEADERS)",
					src,
					../../../of_v0.10.0_osx_release/addons/ofxAutoReloadedShader/src,
					../../../of_v0.10.0_osx_release/addons/ofxEasing/src,
					../../../of_v0.10.0_osx_release/addons/ofxImGui/libs,
					../../../of_v0.10.0_osx_release/addons/ofxImGui/libs/imgui,
					../../../of_v0.10.0_osx_release/addons/ofxImGui/libs/imgui/src,
					../../../of_v0.10.0_osx_release/addons/ofxImGui/src,
					../../../of_v0.10.0_osx_release/addons/ofxJSON/libs,
					../../../of_v0.10.0_osx_release/addons/ofxJSON/libs/jsoncpp,
					../../../of_v0.10.0_osx_release/addons/ofxJSON/libs/jsoncpp/include,
					../../../of_v0.10.0_osx_release/addons/ofxJSON/libs/jsoncpp/include/json,
					../../../of_v0.10.0_osx_release/addons/ofxJSON/libs/jsoncpp/src,
					../../../of_v0.10.0_osx_release/addons/ofxJSON/src,
					../../../of_v0.10.0_osx_release/addons/ofxThreadedImageLoader/src,
				);
				MACOSX_DEPLOYMENT_TARGET = 10.9;
				OTHER_CPLUSPLUSFLAGS = (
					"-D__MACOSX_CORE__",
					"-mtune=native",
				);
				SDKROOT = macosx;
			};
			name = Release;
		};
		E4B69B600A3A1757003C02F2 /* Debug */ = {
			isa = XCBuildConfiguration;
			baseConfigurationReference = E4EB6923138AFD0F00A09F29 /* Project.xcconfig */;
			buildSettings = {
				COMBINE_HIDPI_IMAGES = YES;
				COPY_PHASE_STRIP = NO;
				FRAMEWORK_SEARCH_PATHS = "$(inherited)";
				GCC_DYNAMIC_NO_PIC = NO;
				GCC_GENERATE_DEBUGGING_SYMBOLS = YES;
				GCC_MODEL_TUNING = NONE;
				HEADER_SEARCH_PATHS = (
					"$(OF_CORE_HEADERS)",
					src,
					../../../of_v0.10.0_osx_release/addons/ofxAutoReloadedShader/src,
					../../../of_v0.10.0_osx_release/addons/ofxEasing/src,
					../../../of_v0.10.0_osx_release/addons/ofxImGui/libs,
					../../../of_v0.10.0_osx_release/addons/ofxImGui/libs/imgui,
					../../../of_v0.10.0_osx_release/addons/ofxImGui/libs/imgui/src,
					../../../of_v0.10.0_osx_release/addons/ofxImGui/src,
					../../../of_v0.10.0_osx_release/addons/ofxJSON/libs,
					../../../of_v0.10.0_osx_release/addons/ofxJSON/libs/jsoncpp,
					../../../of_v0.10.0_osx_release/addons/ofxJSON/libs/jsoncpp/include,
					../../../of_v0.10.0_osx_release/addons/ofxJSON/libs/jsoncpp/include/json,
					../../../of_v0.10.0_osx_release/addons/ofxJSON/libs/jsoncpp/src,
					../../../of_v0.10.0_osx_release/addons/ofxJSON/src,
					../../../of_v0.10.0_osx_release/addons/ofxThreadedImageLoader/src,
				);
				ICON = "$(ICON_NAME_DEBUG)";
				ICON_FILE = "$(ICON_FILE_PATH)$(ICON)";
				INFOPLIST_FILE = "openFrameworks-Info.plist";
				INSTALL_PATH = /Applications;
				LIBRARY_SEARCH_PATHS = "$(inherited)";
				PRODUCT_NAME = "$(TARGET_NAME)Debug";
				WRAPPER_EXTENSION = app;
			};
			name = Debug;
		};
		E4B69B610A3A1757003C02F2 /* Release */ = {
			isa = XCBuildConfiguration;
			baseConfigurationReference = E4EB6923138AFD0F00A09F29 /* Project.xcconfig */;
			buildSettings = {
				COMBINE_HIDPI_IMAGES = YES;
				COPY_PHASE_STRIP = YES;
				FRAMEWORK_SEARCH_PATHS = "$(inherited)";
				GCC_GENERATE_DEBUGGING_SYMBOLS = YES;
				GCC_MODEL_TUNING = NONE;
				HEADER_SEARCH_PATHS = (
					"$(OF_CORE_HEADERS)",
					src,
					../../../of_v0.10.0_osx_release/addons/ofxAutoReloadedShader/src,
					../../../of_v0.10.0_osx_release/addons/ofxEasing/src,
					../../../of_v0.10.0_osx_release/addons/ofxImGui/libs,
					../../../of_v0.10.0_osx_release/addons/ofxImGui/libs/imgui,
					../../../of_v0.10.0_osx_release/addons/ofxImGui/libs/imgui/src,
					../../../of_v0.10.0_osx_release/addons/ofxImGui/src,
					../../../of_v0.10.0_osx_release/addons/ofxJSON/libs,
					../../../of_v0.10.0_osx_release/addons/ofxJSON/libs/jsoncpp,
					../../../of_v0.10.0_osx_release/addons/ofxJSON/libs/jsoncpp/include,
					../../../of_v0.10.0_osx_release/addons/ofxJSON/libs/jsoncpp/include/json,
					../../../of_v0.10.0_osx_release/addons/ofxJSON/libs/jsoncpp/src,
					../../../of_v0.10.0_osx_release/addons/ofxJSON/src,
					../../../of_v0.10.0_osx_release/addons/ofxThreadedImageLoader/src,
				);
				ICON = "$(ICON_NAME_RELEASE)";
				ICON_FILE = "$(ICON_FILE_PATH)$(ICON)";
				INFOPLIST_FILE = "openFrameworks-Info.plist";
				INSTALL_PATH = /Applications;
				LIBRARY_SEARCH_PATHS = "$(inherited)";
				PRODUCT_NAME = "$(TARGET_NAME)";
				WRAPPER_EXTENSION = app;
				baseConfigurationReference = E4EB6923138AFD0F00A09F29;
			};
			name = Release;
		};
/* End XCBuildConfiguration section */

/* Begin XCConfigurationList section */
		E4B69B4D0A3A1720003C02F2 /* Build configuration list for PBXProject "PCprototype" */ = {
			isa = XCConfigurationList;
			buildConfigurations = (
				E4B69B4E0A3A1720003C02F2 /* Debug */,
				E4B69B4F0A3A1720003C02F2 /* Release */,
				99FA3DBB1C7456C400CFA0EE /* AppStore */,
			);
			defaultConfigurationIsVisible = 0;
			defaultConfigurationName = Release;
		};
		E4B69B5F0A3A1757003C02F2 /* Build configuration list for PBXNativeTarget "PCprototype" */ = {
			isa = XCConfigurationList;
			buildConfigurations = (
				E4B69B600A3A1757003C02F2 /* Debug */,
				E4B69B610A3A1757003C02F2 /* Release */,
				99FA3DBC1C7456C400CFA0EE /* AppStore */,
			);
			defaultConfigurationIsVisible = 0;
			defaultConfigurationName = Release;
		};
/* End XCConfigurationList section */
	};
	rootObject = E4B69B4C0A3A1720003C02F2 /* Project object */;
}
